{
  "nodes": {
    "dotfiles": {
      "flake": false,
      "locked": {
        "lastModified": 1774085210,
        "narHash": "sha256-G0bDp7frfuZAIpfdsW1v1TyA78QRtEf2ERZ3hLMreBA=",
        "owner": "imlyzh",
        "repo": "dotfiles",
        "rev": "b14bc0ca20fbec68175cf38327b58d817cf10d5b",
        "type": "github"
      },
      "original": {
        "owner": "imlyzh",
        "repo": "dotfiles",
        "type": "github"
      }
    },
    "home-manager": {
      "inputs": {
        "nixpkgs": [
          "nixpkgs"
        ]
      },
      "locked": {
        "lastModified": 1773963144,
        "narHash": "sha256-WzBOBfSay3GYilUfKaUa1Mbf8/jtuAiJIedx7fWuIX4=",
        "owner": "nix-community",
        "repo": "home-manager",
        "rev": "a91b3ea73a765614d90360580b689c48102d1d33",
        "type": "github"
      },
      "original": {
        "owner": "nix-community",
        "ref": "release-25.11",
        "repo": "home-manager",
        "type": "github"
      }
    },
    "nixpkgs": {
      "locked": {
        "lastModified": 1773840656,
        "narHash": "sha256-9tpvMGFteZnd3gRQZFlRCohVpqooygFuy9yjuyRL2C0=",
        "owner": "NixOS",
        "repo": "nixpkgs",
        "rev": "9cf7092bdd603554bd8b63c216e8943cf9b12512",
        "type": "github"
      },
      "original": {
        "owner": "NixOS",
        "ref": "nixpkgs-unstable",
        "repo": "nixpkgs",
        "type": "github"
      }
    },
    "rime-ice": {
      "flake": false,
      "locked": {
        "lastModified": 1774034698,
        "narHash": "sha256-VILiRdsb2AHmlCqGnYeX7SZ7eg97pkMImzuW8zZhfxY=",
        "owner": "iDvel",
        "repo": "rime-ice",
        "rev": "20b21a0ebe88dbba845621cd89bdb5f2b7f33fe7",
        "type": "github"
      },
      "original": {
        "owner": "iDvel",
        "repo": "rime-ice",
        "type": "github"
      }
    },
    "rime-without-ice": {
      "flake": false,
      "locked": {
        "lastModified": 1767045811,
        "narHash": "sha256-jECpEoG0Ex52Fern6j3mgnr7fgWQtb1pmrqS46U7wg0=",
        "owner": "imlyzh",
        "repo": "rime-without-ice",
        "rev": "c4a2dc6c92c1aa5ecf6f9c1400c75a191f33ba29",
        "type": "github"
      },
      "original": {
        "owner": "imlyzh",
        "repo": "rime-without-ice",
        "type": "github"
      }
    },
    "root": {
      "inputs": {
        "dotfiles": "dotfiles",
        "home-manager": "home-manager",
        "nixpkgs": "nixpkgs",
        "rime-ice": "rime-ice",
        "rime-without-ice": "rime-without-ice"
      }
    }
  },
  "root": "root",
  "version": 7
}
