{
  "nodes": {
    "dotfiles": {
      "flake": false,
      "locked": {
        "lastModified": 1767013361,
        "narHash": "sha256-aX83QGcDuAfAmPZAmWsLh21zCBpC2D+/qO48fVGsEkc=",
        "owner": "imlyzh",
        "repo": "dotfiles",
        "rev": "7796121d07d42e253c6a08ea3a0b5d769a64a4f2",
        "type": "github"
      },
      "original": {
        "owner": "imlyzh",
        "repo": "dotfiles",
        "type": "github"
      }
    },
    "home-manager": {
      "inputs": {
        "nixpkgs": [
          "nixpkgs"
        ]
      },
      "locked": {
        "lastModified": 1766939458,
        "narHash": "sha256-VvZeAKyB3vhyHStSO8ACKzWRKNQPmVWktjfuSVdvtUA=",
        "owner": "nix-community",
        "repo": "home-manager",
        "rev": "e298a148013c980e3c8c0ac075295fab5074d643",
        "type": "github"
      },
      "original": {
        "owner": "nix-community",
        "ref": "release-25.11",
        "repo": "home-manager",
        "type": "github"
      }
    },
    "nixpkgs": {
      "locked": {
        "lastModified": 1766870016,
        "narHash": "sha256-fHmxAesa6XNqnIkcS6+nIHuEmgd/iZSP/VXxweiEuQw=",
        "owner": "NixOS",
        "repo": "nixpkgs",
        "rev": "5c2bc52fb9f8c264ed6c93bd20afa2ff5e763dce",
        "type": "github"
      },
      "original": {
        "owner": "NixOS",
        "ref": "nixpkgs-unstable",
        "repo": "nixpkgs",
        "type": "github"
      }
    },
    "rime-ice": {
      "flake": false,
      "locked": {
        "lastModified": 1766566529,
        "narHash": "sha256-rEWf96uoYZm/n8IBSSG5qnXBgiWvrzhD1+GutLqMlg8=",
        "owner": "iDvel",
        "repo": "rime-ice",
        "rev": "cc51682a850e9b89db8856c589b8c13f8b534a7c",
        "type": "github"
      },
      "original": {
        "owner": "iDvel",
        "repo": "rime-ice",
        "type": "github"
      }
    },
    "root": {
      "inputs": {
        "dotfiles": "dotfiles",
        "home-manager": "home-manager",
        "nixpkgs": "nixpkgs",
        "rime-ice": "rime-ice"
      }
    }
  },
  "root": "root",
  "version": 7
}
