{
  "nodes": {
    "dotfiles": {
      "flake": false,
      "locked": {
        "lastModified": 1767012006,
        "narHash": "sha256-YGJtN+ugkAjHGAHSEGlamfB0E1QfnX7qomBbk9RvSxY=",
        "owner": "imlyzh",
        "repo": "dotfiles",
        "rev": "946247ba84cc6674d7ec26f96fe61e50035502d8",
        "type": "github"
      },
      "original": {
        "owner": "imlyzh",
        "repo": "dotfiles",
        "type": "github"
      }
    },
    "home-manager": {
      "inputs": {
        "nixpkgs": [
          "nixpkgs"
        ]
      },
      "locked": {
        "lastModified": 1766939458,
        "narHash": "sha256-VvZeAKyB3vhyHStSO8ACKzWRKNQPmVWktjfuSVdvtUA=",
        "owner": "nix-community",
        "repo": "home-manager",
        "rev": "e298a148013c980e3c8c0ac075295fab5074d643",
        "type": "github"
      },
      "original": {
        "owner": "nix-community",
        "ref": "release-25.11",
        "repo": "home-manager",
        "type": "github"
      }
    },
    "nixpkgs": {
      "locked": {
        "lastModified": 1766870016,
        "narHash": "sha256-fHmxAesa6XNqnIkcS6+nIHuEmgd/iZSP/VXxweiEuQw=",
        "owner": "NixOS",
        "repo": "nixpkgs",
        "rev": "5c2bc52fb9f8c264ed6c93bd20afa2ff5e763dce",
        "type": "github"
      },
      "original": {
        "owner": "NixOS",
        "ref": "nixpkgs-unstable",
        "repo": "nixpkgs",
        "type": "github"
      }
    },
    "root": {
      "inputs": {
        "dotfiles": "dotfiles",
        "home-manager": "home-manager",
        "nixpkgs": "nixpkgs"
      }
    }
  },
  "root": "root",
  "version": 7
}
